// !$*UTF8*$!
{
	archiveVersion = 1;
	classes = {
	};
	objectVersion = 46;
	objects = {

/* Begin PBXBuildFile section */
		8C1AC5E01822645500D2E500 /* SalmosViewController.m in Sources */ = {isa = PBXBuildFile; fileRef = 8C1AC5DF1822645500D2E500 /* SalmosViewController.m */; };
		8C1AC5E31823D81F00D2E500 /* MenuViewController.m in Sources */ = {isa = PBXBuildFile; fileRef = 8C1AC5E21823D81F00D2E500 /* MenuViewController.m */; };
		8C1AC5E61823D87600D2E500 /* BannerHelper.m in Sources */ = {isa = PBXBuildFile; fileRef = 8C1AC5E51823D87600D2E500 /* BannerHelper.m */; };
		8C1AC5E91823D90900D2E500 /* Salmo.m in Sources */ = {isa = PBXBuildFile; fileRef = 8C1AC5E81823D90900D2E500 /* Salmo.m */; };
		8C1AC5EC1823D93A00D2E500 /* Versiculo.m in Sources */ = {isa = PBXBuildFile; fileRef = 8C1AC5EB1823D93A00D2E500 /* Versiculo.m */; };
		8C1AC5F21823D9DC00D2E500 /* Salmo+Parse.m in Sources */ = {isa = PBXBuildFile; fileRef = 8C1AC5F11823D9DC00D2E500 /* Salmo+Parse.m */; };
		8C1AC5F51823DA2200D2E500 /* Versiculo+Parse.m in Sources */ = {isa = PBXBuildFile; fileRef = 8C1AC5F41823DA2200D2E500 /* Versiculo+Parse.m */; };
		8C1AC5F71823DB1300D2E500 /* salmos.json in Resources */ = {isa = PBXBuildFile; fileRef = 8C1AC5F61823DB1300D2E500 /* salmos.json */; };
		8C1AC5FA1823DCE800D2E500 /* ListaVersiculosTableViewController.m in Sources */ = {isa = PBXBuildFile; fileRef = 8C1AC5F91823DCE800D2E500 /* ListaVersiculosTableViewController.m */; };
		8C1AC5FD1823EF7800D2E500 /* ListaSalmosTableViewController.m in Sources */ = {isa = PBXBuildFile; fileRef = 8C1AC5FC1823EF7800D2E500 /* ListaSalmosTableViewController.m */; };
		8C1AC6001823F11B00D2E500 /* DisplaySalmoViewController.m in Sources */ = {isa = PBXBuildFile; fileRef = 8C1AC5FF1823F11B00D2E500 /* DisplaySalmoViewController.m */; };
		8C1AC603182686D600D2E500 /* SalmosAppDelegate.m in Sources */ = {isa = PBXBuildFile; fileRef = 8C1AC602182686D600D2E500 /* SalmosAppDelegate.m */; };
		8C1AC6051828456800D2E500 /* Social.framework in Frameworks */ = {isa = PBXBuildFile; fileRef = 8C1AC6041828456800D2E500 /* Social.framework */; };
		8C469F9C182BEDE000A8BC1B /* StyleHelper.m in Sources */ = {isa = PBXBuildFile; fileRef = 8C469F9B182BEDE000A8BC1B /* StyleHelper.m */; };
		8C469FA2182C638D00A8BC1B /* SubviewPKRevealViewController.m in Sources */ = {isa = PBXBuildFile; fileRef = 8C469FA1182C638D00A8BC1B /* SubviewPKRevealViewController.m */; };
		8C469FA5182D232900A8BC1B /* SalmosHelper.m in Sources */ = {isa = PBXBuildFile; fileRef = 8C469FA4182D232900A8BC1B /* SalmosHelper.m */; };
		8C7A6F7A181D3C620092336B /* Foundation.framework in Frameworks */ = {isa = PBXBuildFile; fileRef = 8C7A6F79181D3C620092336B /* Foundation.framework */; };
		8C7A6F7C181D3C620092336B /* CoreGraphics.framework in Frameworks */ = {isa = PBXBuildFile; fileRef = 8C7A6F7B181D3C620092336B /* CoreGraphics.framework */; };
		8C7A6F7E181D3C620092336B /* UIKit.framework in Frameworks */ = {isa = PBXBuildFile; fileRef = 8C7A6F7D181D3C620092336B /* UIKit.framework */; };
		8C7A6F84181D3C620092336B /* InfoPlist.strings in Resources */ = {isa = PBXBuildFile; fileRef = 8C7A6F82181D3C620092336B /* InfoPlist.strings */; };
		8C7A6F86181D3C620092336B /* main.m in Sources */ = {isa = PBXBuildFile; fileRef = 8C7A6F85181D3C620092336B /* main.m */; };
		8C7A6F8D181D3C620092336B /* Main.storyboard in Resources */ = {isa = PBXBuildFile; fileRef = 8C7A6F8B181D3C620092336B /* Main.storyboard */; };
		8C7A6F92181D3C620092336B /* Images.xcassets in Resources */ = {isa = PBXBuildFile; fileRef = 8C7A6F91181D3C620092336B /* Images.xcassets */; };
		8C7A6F99181D3C620092336B /* XCTest.framework in Frameworks */ = {isa = PBXBuildFile; fileRef = 8C7A6F98181D3C620092336B /* XCTest.framework */; };
		8C7A6F9A181D3C620092336B /* Foundation.framework in Frameworks */ = {isa = PBXBuildFile; fileRef = 8C7A6F79181D3C620092336B /* Foundation.framework */; };
		8C7A6F9B181D3C620092336B /* UIKit.framework in Frameworks */ = {isa = PBXBuildFile; fileRef = 8C7A6F7D181D3C620092336B /* UIKit.framework */; };
		8C7A6FA3181D3C620092336B /* InfoPlist.strings in Resources */ = {isa = PBXBuildFile; fileRef = 8C7A6FA1181D3C620092336B /* InfoPlist.strings */; };
		8C7A6FA5181D3C620092336B /* RfSalmosAppTests.m in Sources */ = {isa = PBXBuildFile; fileRef = 8C7A6FA4181D3C620092336B /* RfSalmosAppTests.m */; };
		8CAE29EE1835A91800F4AD29 /* UINavigationController+Orientation.m in Sources */ = {isa = PBXBuildFile; fileRef = 8CAE29ED1835A91800F4AD29 /* UINavigationController+Orientation.m */; };
		8CE9CC181829468300D33535 /* configuracoes.json in Resources */ = {isa = PBXBuildFile; fileRef = 8CE9CC171829468300D33535 /* configuracoes.json */; };
		8CE9CC1B182946E500D33535 /* menuCell.m in Sources */ = {isa = PBXBuildFile; fileRef = 8CE9CC1A182946E500D33535 /* menuCell.m */; };
		8CE9CC211829512500D33535 /* Menu.m in Sources */ = {isa = PBXBuildFile; fileRef = 8CE9CC201829512500D33535 /* Menu.m */; };
		8CE9CC241829518800D33535 /* Menu+Parse.m in Sources */ = {isa = PBXBuildFile; fileRef = 8CE9CC231829518800D33535 /* Menu+Parse.m */; };
		8CE9CC27182952C900D33535 /* TermsOfUseViewController.m in Sources */ = {isa = PBXBuildFile; fileRef = 8CE9CC26182952C900D33535 /* TermsOfUseViewController.m */; };
		F5F710A09B094DAF8298DB76 /* libPods.a in Frameworks */ = {isa = PBXBuildFile; fileRef = ECA2C19A9B5643C7A5C26511 /* libPods.a */; };
/* End PBXBuildFile section */

/* Begin PBXContainerItemProxy section */
		8C7A6F9C181D3C620092336B /* PBXContainerItemProxy */ = {
			isa = PBXContainerItemProxy;
			containerPortal = 8C7A6F6E181D3C620092336B /* Project object */;
			proxyType = 1;
			remoteGlobalIDString = 8C7A6F75181D3C620092336B;
			remoteInfo = RfSalmosApp;
		};
/* End PBXContainerItemProxy section */

/* Begin PBXFileReference section */
		8C1AC5DE1822645500D2E500 /* SalmosViewController.h */ = {isa = PBXFileReference; fileEncoding = 4; lastKnownFileType = sourcecode.c.h; name = SalmosViewController.h; path = ViewControllers/SalmosViewController.h; sourceTree = "<group>"; };
		8C1AC5DF1822645500D2E500 /* SalmosViewController.m */ = {isa = PBXFileReference; fileEncoding = 4; lastKnownFileType = sourcecode.c.objc; name = SalmosViewController.m; path = ViewControllers/SalmosViewController.m; sourceTree = "<group>"; };
		8C1AC5E11823D81F00D2E500 /* MenuViewController.h */ = {isa = PBXFileReference; fileEncoding = 4; lastKnownFileType = sourcecode.c.h; name = MenuViewController.h; path = ViewControllers/MenuViewController.h; sourceTree = "<group>"; };
		8C1AC5E21823D81F00D2E500 /* MenuViewController.m */ = {isa = PBXFileReference; fileEncoding = 4; lastKnownFileType = sourcecode.c.objc; name = MenuViewController.m; path = ViewControllers/MenuViewController.m; sourceTree = "<group>"; };
		8C1AC5E41823D87600D2E500 /* BannerHelper.h */ = {isa = PBXFileReference; fileEncoding = 4; lastKnownFileType = sourcecode.c.h; name = BannerHelper.h; path = Helpers/BannerHelper.h; sourceTree = "<group>"; };
		8C1AC5E51823D87600D2E500 /* BannerHelper.m */ = {isa = PBXFileReference; fileEncoding = 4; lastKnownFileType = sourcecode.c.objc; name = BannerHelper.m; path = Helpers/BannerHelper.m; sourceTree = "<group>"; };
		8C1AC5E71823D90900D2E500 /* Salmo.h */ = {isa = PBXFileReference; fileEncoding = 4; lastKnownFileType = sourcecode.c.h; name = Salmo.h; path = Models/Salmo.h; sourceTree = "<group>"; };
		8C1AC5E81823D90900D2E500 /* Salmo.m */ = {isa = PBXFileReference; fileEncoding = 4; lastKnownFileType = sourcecode.c.objc; name = Salmo.m; path = Models/Salmo.m; sourceTree = "<group>"; };
		8C1AC5EA1823D93A00D2E500 /* Versiculo.h */ = {isa = PBXFileReference; fileEncoding = 4; lastKnownFileType = sourcecode.c.h; name = Versiculo.h; path = Models/Versiculo.h; sourceTree = "<group>"; };
		8C1AC5EB1823D93A00D2E500 /* Versiculo.m */ = {isa = PBXFileReference; fileEncoding = 4; lastKnownFileType = sourcecode.c.objc; name = Versiculo.m; path = Models/Versiculo.m; sourceTree = "<group>"; };
		8C1AC5F01823D9DC00D2E500 /* Salmo+Parse.h */ = {isa = PBXFileReference; fileEncoding = 4; lastKnownFileType = sourcecode.c.h; name = "Salmo+Parse.h"; path = "Categories/Salmo+Parse.h"; sourceTree = "<group>"; };
		8C1AC5F11823D9DC00D2E500 /* Salmo+Parse.m */ = {isa = PBXFileReference; fileEncoding = 4; lastKnownFileType = sourcecode.c.objc; name = "Salmo+Parse.m"; path = "Categories/Salmo+Parse.m"; sourceTree = "<group>"; };
		8C1AC5F31823DA2200D2E500 /* Versiculo+Parse.h */ = {isa = PBXFileReference; fileEncoding = 4; lastKnownFileType = sourcecode.c.h; name = "Versiculo+Parse.h"; path = "Categories/Versiculo+Parse.h"; sourceTree = "<group>"; };
		8C1AC5F41823DA2200D2E500 /* Versiculo+Parse.m */ = {isa = PBXFileReference; fileEncoding = 4; lastKnownFileType = sourcecode.c.objc; name = "Versiculo+Parse.m"; path = "Categories/Versiculo+Parse.m"; sourceTree = "<group>"; };
		8C1AC5F61823DB1300D2E500 /* salmos.json */ = {isa = PBXFileReference; fileEncoding = 4; lastKnownFileType = text.json; name = salmos.json; path = Statics/salmos.json; sourceTree = "<group>"; };
		8C1AC5F81823DCE800D2E500 /* ListaVersiculosTableViewController.h */ = {isa = PBXFileReference; fileEncoding = 4; lastKnownFileType = sourcecode.c.h; name = ListaVersiculosTableViewController.h; path = ViewControllers/ListaVersiculosTableViewController.h; sourceTree = "<group>"; };
		8C1AC5F91823DCE800D2E500 /* ListaVersiculosTableViewController.m */ = {isa = PBXFileReference; fileEncoding = 4; lastKnownFileType = sourcecode.c.objc; name = ListaVersiculosTableViewController.m; path = ViewControllers/ListaVersiculosTableViewController.m; sourceTree = "<group>"; };
		8C1AC5FB1823EF7800D2E500 /* ListaSalmosTableViewController.h */ = {isa = PBXFileReference; fileEncoding = 4; lastKnownFileType = sourcecode.c.h; name = ListaSalmosTableViewController.h; path = ViewControllers/ListaSalmosTableViewController.h; sourceTree = "<group>"; };
		8C1AC5FC1823EF7800D2E500 /* ListaSalmosTableViewController.m */ = {isa = PBXFileReference; fileEncoding = 4; lastKnownFileType = sourcecode.c.objc; name = ListaSalmosTableViewController.m; path = ViewControllers/ListaSalmosTableViewController.m; sourceTree = "<group>"; };
		8C1AC5FE1823F11B00D2E500 /* DisplaySalmoViewController.h */ = {isa = PBXFileReference; fileEncoding = 4; lastKnownFileType = sourcecode.c.h; name = DisplaySalmoViewController.h; path = ViewControllers/DisplaySalmoViewController.h; sourceTree = "<group>"; };
		8C1AC5FF1823F11B00D2E500 /* DisplaySalmoViewController.m */ = {isa = PBXFileReference; fileEncoding = 4; lastKnownFileType = sourcecode.c.objc; name = DisplaySalmoViewController.m; path = ViewControllers/DisplaySalmoViewController.m; sourceTree = "<group>"; };
		8C1AC601182686D600D2E500 /* SalmosAppDelegate.h */ = {isa = PBXFileReference; fileEncoding = 4; lastKnownFileType = sourcecode.c.h; path = SalmosAppDelegate.h; sourceTree = "<group>"; };
		8C1AC602182686D600D2E500 /* SalmosAppDelegate.m */ = {isa = PBXFileReference; fileEncoding = 4; lastKnownFileType = sourcecode.c.objc; path = SalmosAppDelegate.m; sourceTree = "<group>"; };
		8C1AC6041828456800D2E500 /* Social.framework */ = {isa = PBXFileReference; lastKnownFileType = wrapper.framework; name = Social.framework; path = System/Library/Frameworks/Social.framework; sourceTree = SDKROOT; };
		8C469F9A182BEDE000A8BC1B /* StyleHelper.h */ = {isa = PBXFileReference; fileEncoding = 4; lastKnownFileType = sourcecode.c.h; name = StyleHelper.h; path = Helpers/StyleHelper.h; sourceTree = "<group>"; };
		8C469F9B182BEDE000A8BC1B /* StyleHelper.m */ = {isa = PBXFileReference; fileEncoding = 4; lastKnownFileType = sourcecode.c.objc; name = StyleHelper.m; path = Helpers/StyleHelper.m; sourceTree = "<group>"; };
		8C469FA0182C638D00A8BC1B /* SubviewPKRevealViewController.h */ = {isa = PBXFileReference; fileEncoding = 4; lastKnownFileType = sourcecode.c.h; name = SubviewPKRevealViewController.h; path = ViewControllers/SubviewPKRevealViewController.h; sourceTree = "<group>"; };
		8C469FA1182C638D00A8BC1B /* SubviewPKRevealViewController.m */ = {isa = PBXFileReference; fileEncoding = 4; lastKnownFileType = sourcecode.c.objc; name = SubviewPKRevealViewController.m; path = ViewControllers/SubviewPKRevealViewController.m; sourceTree = "<group>"; };
		8C469FA3182D232900A8BC1B /* SalmosHelper.h */ = {isa = PBXFileReference; fileEncoding = 4; lastKnownFileType = sourcecode.c.h; name = SalmosHelper.h; path = Helpers/SalmosHelper.h; sourceTree = "<group>"; };
		8C469FA4182D232900A8BC1B /* SalmosHelper.m */ = {isa = PBXFileReference; fileEncoding = 4; lastKnownFileType = sourcecode.c.objc; name = SalmosHelper.m; path = Helpers/SalmosHelper.m; sourceTree = "<group>"; };
		8C7A6F76181D3C620092336B /* RfSalmosApp.app */ = {isa = PBXFileReference; explicitFileType = wrapper.application; includeInIndex = 0; path = RfSalmosApp.app; sourceTree = BUILT_PRODUCTS_DIR; };
		8C7A6F79181D3C620092336B /* Foundation.framework */ = {isa = PBXFileReference; lastKnownFileType = wrapper.framework; name = Foundation.framework; path = System/Library/Frameworks/Foundation.framework; sourceTree = SDKROOT; };
		8C7A6F7B181D3C620092336B /* CoreGraphics.framework */ = {isa = PBXFileReference; lastKnownFileType = wrapper.framework; name = CoreGraphics.framework; path = System/Library/Frameworks/CoreGraphics.framework; sourceTree = SDKROOT; };
		8C7A6F7D181D3C620092336B /* UIKit.framework */ = {isa = PBXFileReference; lastKnownFileType = wrapper.framework; name = UIKit.framework; path = System/Library/Frameworks/UIKit.framework; sourceTree = SDKROOT; };
		8C7A6F81181D3C620092336B /* RfSalmosApp-Info.plist */ = {isa = PBXFileReference; lastKnownFileType = text.plist.xml; path = "RfSalmosApp-Info.plist"; sourceTree = "<group>"; };
		8C7A6F83181D3C620092336B /* en */ = {isa = PBXFileReference; lastKnownFileType = text.plist.strings; name = en; path = en.lproj/InfoPlist.strings; sourceTree = "<group>"; };
		8C7A6F85181D3C620092336B /* main.m */ = {isa = PBXFileReference; lastKnownFileType = sourcecode.c.objc; path = main.m; sourceTree = "<group>"; };
		8C7A6F87181D3C620092336B /* RfSalmosApp-Prefix.pch */ = {isa = PBXFileReference; lastKnownFileType = sourcecode.c.h; path = "RfSalmosApp-Prefix.pch"; sourceTree = "<group>"; };
		8C7A6F8C181D3C620092336B /* Base */ = {isa = PBXFileReference; lastKnownFileType = file.storyboard; name = Base; path = Base.lproj/Main.storyboard; sourceTree = "<group>"; };
		8C7A6F91181D3C620092336B /* Images.xcassets */ = {isa = PBXFileReference; lastKnownFileType = folder.assetcatalog; path = Images.xcassets; sourceTree = "<group>"; };
		8C7A6F97181D3C620092336B /* RfSalmosAppTests.xctest */ = {isa = PBXFileReference; explicitFileType = wrapper.cfbundle; includeInIndex = 0; path = RfSalmosAppTests.xctest; sourceTree = BUILT_PRODUCTS_DIR; };
		8C7A6F98181D3C620092336B /* XCTest.framework */ = {isa = PBXFileReference; lastKnownFileType = wrapper.framework; name = XCTest.framework; path = Library/Frameworks/XCTest.framework; sourceTree = DEVELOPER_DIR; };
		8C7A6FA0181D3C620092336B /* RfSalmosAppTests-Info.plist */ = {isa = PBXFileReference; lastKnownFileType = text.plist.xml; path = "RfSalmosAppTests-Info.plist"; sourceTree = "<group>"; };
		8C7A6FA2181D3C620092336B /* en */ = {isa = PBXFileReference; lastKnownFileType = text.plist.strings; name = en; path = en.lproj/InfoPlist.strings; sourceTree = "<group>"; };
		8C7A6FA4181D3C620092336B /* RfSalmosAppTests.m */ = {isa = PBXFileReference; lastKnownFileType = sourcecode.c.objc; path = RfSalmosAppTests.m; sourceTree = "<group>"; };
		8CAE29EC1835A91800F4AD29 /* UINavigationController+Orientation.h */ = {isa = PBXFileReference; fileEncoding = 4; lastKnownFileType = sourcecode.c.h; name = "UINavigationController+Orientation.h"; path = "Categories/UINavigationController+Orientation.h"; sourceTree = "<group>"; };
		8CAE29ED1835A91800F4AD29 /* UINavigationController+Orientation.m */ = {isa = PBXFileReference; fileEncoding = 4; lastKnownFileType = sourcecode.c.objc; name = "UINavigationController+Orientation.m"; path = "Categories/UINavigationController+Orientation.m"; sourceTree = "<group>"; };
		8CE9CC171829468300D33535 /* configuracoes.json */ = {isa = PBXFileReference; fileEncoding = 4; lastKnownFileType = text.json; name = configuracoes.json; path = Statics/configuracoes.json; sourceTree = "<group>"; };
		8CE9CC19182946E500D33535 /* menuCell.h */ = {isa = PBXFileReference; fileEncoding = 4; lastKnownFileType = sourcecode.c.h; name = menuCell.h; path = Views/menuCell.h; sourceTree = "<group>"; };
		8CE9CC1A182946E500D33535 /* menuCell.m */ = {isa = PBXFileReference; fileEncoding = 4; lastKnownFileType = sourcecode.c.objc; name = menuCell.m; path = Views/menuCell.m; sourceTree = "<group>"; };
		8CE9CC1C18294A5B00D33535 /* Global.h */ = {isa = PBXFileReference; fileEncoding = 4; lastKnownFileType = sourcecode.c.h; path = Global.h; sourceTree = "<group>"; };
		8CE9CC1F1829512500D33535 /* Menu.h */ = {isa = PBXFileReference; fileEncoding = 4; lastKnownFileType = sourcecode.c.h; name = Menu.h; path = Models/Menu.h; sourceTree = "<group>"; };
		8CE9CC201829512500D33535 /* Menu.m */ = {isa = PBXFileReference; fileEncoding = 4; lastKnownFileType = sourcecode.c.objc; name = Menu.m; path = Models/Menu.m; sourceTree = "<group>"; };
		8CE9CC221829518800D33535 /* Menu+Parse.h */ = {isa = PBXFileReference; fileEncoding = 4; lastKnownFileType = sourcecode.c.h; name = "Menu+Parse.h"; path = "Categories/Menu+Parse.h"; sourceTree = "<group>"; };
		8CE9CC231829518800D33535 /* Menu+Parse.m */ = {isa = PBXFileReference; fileEncoding = 4; lastKnownFileType = sourcecode.c.objc; name = "Menu+Parse.m"; path = "Categories/Menu+Parse.m"; sourceTree = "<group>"; };
		8CE9CC25182952C900D33535 /* TermsOfUseViewController.h */ = {isa = PBXFileReference; fileEncoding = 4; lastKnownFileType = sourcecode.c.h; name = TermsOfUseViewController.h; path = ViewControllers/TermsOfUseViewController.h; sourceTree = "<group>"; };
		8CE9CC26182952C900D33535 /* TermsOfUseViewController.m */ = {isa = PBXFileReference; fileEncoding = 4; lastKnownFileType = sourcecode.c.objc; name = TermsOfUseViewController.m; path = ViewControllers/TermsOfUseViewController.m; sourceTree = "<group>"; };
		C4D47E0F128649A18C4B2536 /* Pods.xcconfig */ = {isa = PBXFileReference; includeInIndex = 1; lastKnownFileType = text.xcconfig; name = Pods.xcconfig; path = Pods/Pods.xcconfig; sourceTree = "<group>"; };
		ECA2C19A9B5643C7A5C26511 /* libPods.a */ = {isa = PBXFileReference; explicitFileType = archive.ar; includeInIndex = 0; path = libPods.a; sourceTree = BUILT_PRODUCTS_DIR; };
/* End PBXFileReference section */

/* Begin PBXFrameworksBuildPhase section */
		8C7A6F73181D3C620092336B /* Frameworks */ = {
			isa = PBXFrameworksBuildPhase;
			buildActionMask = 2147483647;
			files = (
				8C1AC6051828456800D2E500 /* Social.framework in Frameworks */,
				8C7A6F7C181D3C620092336B /* CoreGraphics.framework in Frameworks */,
				8C7A6F7E181D3C620092336B /* UIKit.framework in Frameworks */,
				8C7A6F7A181D3C620092336B /* Foundation.framework in Frameworks */,
				F5F710A09B094DAF8298DB76 /* libPods.a in Frameworks */,
			);
			runOnlyForDeploymentPostprocessing = 0;
		};
		8C7A6F94181D3C620092336B /* Frameworks */ = {
			isa = PBXFrameworksBuildPhase;
			buildActionMask = 2147483647;
			files = (
				8C7A6F99181D3C620092336B /* XCTest.framework in Frameworks */,
				8C7A6F9B181D3C620092336B /* UIKit.framework in Frameworks */,
				8C7A6F9A181D3C620092336B /* Foundation.framework in Frameworks */,
			);
			runOnlyForDeploymentPostprocessing = 0;
		};
/* End PBXFrameworksBuildPhase section */

/* Begin PBXGroup section */
		8C5C0E771820582B0029512E /* Statics */ = {
			isa = PBXGroup;
			children = (
				8CE9CC171829468300D33535 /* configuracoes.json */,
				8C1AC5F61823DB1300D2E500 /* salmos.json */,
			);
			name = Statics;
			sourceTree = "<group>";
		};
		8C5C0E78182058500029512E /* Libraries */ = {
			isa = PBXGroup;
			children = (
			);
			name = Libraries;
			sourceTree = "<group>";
		};
		8C5C0E791820587C0029512E /* Categories */ = {
			isa = PBXGroup;
			children = (
				8C1AC5F01823D9DC00D2E500 /* Salmo+Parse.h */,
				8C1AC5F11823D9DC00D2E500 /* Salmo+Parse.m */,
				8C1AC5F31823DA2200D2E500 /* Versiculo+Parse.h */,
				8C1AC5F41823DA2200D2E500 /* Versiculo+Parse.m */,
				8CE9CC221829518800D33535 /* Menu+Parse.h */,
				8CE9CC231829518800D33535 /* Menu+Parse.m */,
				8CAE29EC1835A91800F4AD29 /* UINavigationController+Orientation.h */,
				8CAE29ED1835A91800F4AD29 /* UINavigationController+Orientation.m */,
			);
			name = Categories;
			sourceTree = "<group>";
		};
		8C5C0E7A182058860029512E /* Helpers */ = {
			isa = PBXGroup;
			children = (
				8C1AC5E41823D87600D2E500 /* BannerHelper.h */,
				8C1AC5E51823D87600D2E500 /* BannerHelper.m */,
				8C469F9A182BEDE000A8BC1B /* StyleHelper.h */,
				8C469F9B182BEDE000A8BC1B /* StyleHelper.m */,
				8C469FA3182D232900A8BC1B /* SalmosHelper.h */,
				8C469FA4182D232900A8BC1B /* SalmosHelper.m */,
			);
			name = Helpers;
			sourceTree = "<group>";
		};
		8C5C0E7B1820588E0029512E /* Views */ = {
			isa = PBXGroup;
			children = (
				8CE9CC19182946E500D33535 /* menuCell.h */,
				8CE9CC1A182946E500D33535 /* menuCell.m */,
			);
			name = Views;
			sourceTree = "<group>";
		};
		8C5C0E7C182058960029512E /* Models */ = {
			isa = PBXGroup;
			children = (
				8C1AC5E71823D90900D2E500 /* Salmo.h */,
				8C1AC5E81823D90900D2E500 /* Salmo.m */,
				8C1AC5EA1823D93A00D2E500 /* Versiculo.h */,
				8C1AC5EB1823D93A00D2E500 /* Versiculo.m */,
				8CE9CC1F1829512500D33535 /* Menu.h */,
				8CE9CC201829512500D33535 /* Menu.m */,
			);
			name = Models;
			sourceTree = "<group>";
		};
		8C5C0E7D182058A80029512E /* ViewControllers */ = {
			isa = PBXGroup;
			children = (
				8C1AC5DE1822645500D2E500 /* SalmosViewController.h */,
				8C1AC5DF1822645500D2E500 /* SalmosViewController.m */,
				8C1AC5E11823D81F00D2E500 /* MenuViewController.h */,
				8C1AC5E21823D81F00D2E500 /* MenuViewController.m */,
				8C1AC5F81823DCE800D2E500 /* ListaVersiculosTableViewController.h */,
				8C1AC5F91823DCE800D2E500 /* ListaVersiculosTableViewController.m */,
				8C1AC5FB1823EF7800D2E500 /* ListaSalmosTableViewController.h */,
				8C1AC5FC1823EF7800D2E500 /* ListaSalmosTableViewController.m */,
				8C1AC5FE1823F11B00D2E500 /* DisplaySalmoViewController.h */,
				8C1AC5FF1823F11B00D2E500 /* DisplaySalmoViewController.m */,
				8CE9CC25182952C900D33535 /* TermsOfUseViewController.h */,
				8CE9CC26182952C900D33535 /* TermsOfUseViewController.m */,
				8C469FA0182C638D00A8BC1B /* SubviewPKRevealViewController.h */,
				8C469FA1182C638D00A8BC1B /* SubviewPKRevealViewController.m */,
			);
			name = ViewControllers;
			sourceTree = "<group>";
		};
		8C7A6F6D181D3C610092336B = {
			isa = PBXGroup;
			children = (
				8C5C0E78182058500029512E /* Libraries */,
				8C5C0E771820582B0029512E /* Statics */,
				8C7A6F7F181D3C620092336B /* RfSalmosApp */,
				8C7A6F9E181D3C620092336B /* RfSalmosAppTests */,
				8C7A6F78181D3C620092336B /* Frameworks */,
				8C7A6F77181D3C620092336B /* Products */,
				C4D47E0F128649A18C4B2536 /* Pods.xcconfig */,
			);
			sourceTree = "<group>";
		};
		8C7A6F77181D3C620092336B /* Products */ = {
			isa = PBXGroup;
			children = (
				8C7A6F76181D3C620092336B /* RfSalmosApp.app */,
				8C7A6F97181D3C620092336B /* RfSalmosAppTests.xctest */,
			);
			name = Products;
			sourceTree = "<group>";
		};
		8C7A6F78181D3C620092336B /* Frameworks */ = {
			isa = PBXGroup;
			children = (
				8C1AC6041828456800D2E500 /* Social.framework */,
				8C7A6F79181D3C620092336B /* Foundation.framework */,
				8C7A6F7B181D3C620092336B /* CoreGraphics.framework */,
				8C7A6F7D181D3C620092336B /* UIKit.framework */,
				8C7A6F98181D3C620092336B /* XCTest.framework */,
				ECA2C19A9B5643C7A5C26511 /* libPods.a */,
			);
			name = Frameworks;
			sourceTree = "<group>";
		};
		8C7A6F7F181D3C620092336B /* RfSalmosApp */ = {
			isa = PBXGroup;
			children = (
				8C5C0E7D182058A80029512E /* ViewControllers */,
				8C5C0E7C182058960029512E /* Models */,
				8C5C0E7B1820588E0029512E /* Views */,
				8C5C0E7A182058860029512E /* Helpers */,
				8C5C0E791820587C0029512E /* Categories */,
				8C1AC601182686D600D2E500 /* SalmosAppDelegate.h */,
				8C1AC602182686D600D2E500 /* SalmosAppDelegate.m */,
				8C7A6F8B181D3C620092336B /* Main.storyboard */,
				8C7A6F91181D3C620092336B /* Images.xcassets */,
				8C7A6F80181D3C620092336B /* Supporting Files */,
				8CE9CC1C18294A5B00D33535 /* Global.h */,
			);
			path = RfSalmosApp;
			sourceTree = "<group>";
		};
		8C7A6F80181D3C620092336B /* Supporting Files */ = {
			isa = PBXGroup;
			children = (
				8C7A6F81181D3C620092336B /* RfSalmosApp-Info.plist */,
				8C7A6F82181D3C620092336B /* InfoPlist.strings */,
				8C7A6F85181D3C620092336B /* main.m */,
				8C7A6F87181D3C620092336B /* RfSalmosApp-Prefix.pch */,
			);
			name = "Supporting Files";
			sourceTree = "<group>";
		};
		8C7A6F9E181D3C620092336B /* RfSalmosAppTests */ = {
			isa = PBXGroup;
			children = (
				8C7A6FA4181D3C620092336B /* RfSalmosAppTests.m */,
				8C7A6F9F181D3C620092336B /* Supporting Files */,
			);
			path = RfSalmosAppTests;
			sourceTree = "<group>";
		};
		8C7A6F9F181D3C620092336B /* Supporting Files */ = {
			isa = PBXGroup;
			children = (
				8C7A6FA0181D3C620092336B /* RfSalmosAppTests-Info.plist */,
				8C7A6FA1181D3C620092336B /* InfoPlist.strings */,
			);
			name = "Supporting Files";
			sourceTree = "<group>";
		};
/* End PBXGroup section */

/* Begin PBXNativeTarget section */
		8C7A6F75181D3C620092336B /* RfSalmosApp */ = {
			isa = PBXNativeTarget;
			buildConfigurationList = 8C7A6FA8181D3C620092336B /* Build configuration list for PBXNativeTarget "RfSalmosApp" */;
			buildPhases = (
				F6179C5DE62D41319273B483 /* Check Pods Manifest.lock */,
				8C7A6F72181D3C620092336B /* Sources */,
				8C7A6F73181D3C620092336B /* Frameworks */,
				8C7A6F74181D3C620092336B /* Resources */,
				6161211FBD44413A919F901D /* Copy Pods Resources */,
			);
			buildRules = (
			);
			dependencies = (
			);
			name = RfSalmosApp;
			productName = RfSalmosApp;
			productReference = 8C7A6F76181D3C620092336B /* RfSalmosApp.app */;
			productType = "com.apple.product-type.application";
		};
		8C7A6F96181D3C620092336B /* RfSalmosAppTests */ = {
			isa = PBXNativeTarget;
			buildConfigurationList = 8C7A6FAB181D3C620092336B /* Build configuration list for PBXNativeTarget "RfSalmosAppTests" */;
			buildPhases = (
				8C7A6F93181D3C620092336B /* Sources */,
				8C7A6F94181D3C620092336B /* Frameworks */,
				8C7A6F95181D3C620092336B /* Resources */,
			);
			buildRules = (
			);
			dependencies = (
				8C7A6F9D181D3C620092336B /* PBXTargetDependency */,
			);
			name = RfSalmosAppTests;
			productName = RfSalmosAppTests;
			productReference = 8C7A6F97181D3C620092336B /* RfSalmosAppTests.xctest */;
			productType = "com.apple.product-type.bundle.unit-test";
		};
/* End PBXNativeTarget section */

/* Begin PBXProject section */
		8C7A6F6E181D3C620092336B /* Project object */ = {
			isa = PBXProject;
			attributes = {
				LastUpgradeCheck = 0500;
				ORGANIZATIONNAME = "Ricardo jorge Fideles junior";
				TargetAttributes = {
					8C7A6F96181D3C620092336B = {
						TestTargetID = 8C7A6F75181D3C620092336B;
					};
				};
			};
			buildConfigurationList = 8C7A6F71181D3C620092336B /* Build configuration list for PBXProject "RfSalmosApp" */;
			compatibilityVersion = "Xcode 3.2";
			developmentRegion = English;
			hasScannedForEncodings = 0;
			knownRegions = (
				en,
				Base,
			);
			mainGroup = 8C7A6F6D181D3C610092336B;
			productRefGroup = 8C7A6F77181D3C620092336B /* Products */;
			projectDirPath = "";
			projectRoot = "";
			targets = (
				8C7A6F75181D3C620092336B /* RfSalmosApp */,
				8C7A6F96181D3C620092336B /* RfSalmosAppTests */,
			);
		};
/* End PBXProject section */

/* Begin PBXResourcesBuildPhase section */
		8C7A6F74181D3C620092336B /* Resources */ = {
			isa = PBXResourcesBuildPhase;
			buildActionMask = 2147483647;
			files = (
				8CE9CC181829468300D33535 /* configuracoes.json in Resources */,
				8C7A6F92181D3C620092336B /* Images.xcassets in Resources */,
				8C7A6F84181D3C620092336B /* InfoPlist.strings in Resources */,
				8C1AC5F71823DB1300D2E500 /* salmos.json in Resources */,
				8C7A6F8D181D3C620092336B /* Main.storyboard in Resources */,
			);
			runOnlyForDeploymentPostprocessing = 0;
		};
		8C7A6F95181D3C620092336B /* Resources */ = {
			isa = PBXResourcesBuildPhase;
			buildActionMask = 2147483647;
			files = (
				8C7A6FA3181D3C620092336B /* InfoPlist.strings in Resources */,
			);
			runOnlyForDeploymentPostprocessing = 0;
		};
/* End PBXResourcesBuildPhase section */

/* Begin PBXShellScriptBuildPhase section */
		6161211FBD44413A919F901D /* Copy Pods Resources */ = {
			isa = PBXShellScriptBuildPhase;
			buildActionMask = 2147483647;
			files = (
			);
			inputPaths = (
			);
			name = "Copy Pods Resources";
			outputPaths = (
			);
			runOnlyForDeploymentPostprocessing = 0;
			shellPath = /bin/sh;
			shellScript = "\"${SRCROOT}/Pods/Pods-resources.sh\"\n";
			showEnvVarsInLog = 0;
		};
		F6179C5DE62D41319273B483 /* Check Pods Manifest.lock */ = {
			isa = PBXShellScriptBuildPhase;
			buildActionMask = 2147483647;
			files = (
			);
			inputPaths = (
			);
			name = "Check Pods Manifest.lock";
			outputPaths = (
			);
			runOnlyForDeploymentPostprocessing = 0;
			shellPath = /bin/sh;
			shellScript = "diff \"${PODS_ROOT}/../Podfile.lock\" \"${PODS_ROOT}/Manifest.lock\" > /dev/null\nif [[ $? != 0 ]] ; then\n    cat << EOM\nerror: The sandbox is not in sync with the Podfile.lock. Run 'pod install' or update your CocoaPods installation.\nEOM\n    exit 1\nfi\n";
			showEnvVarsInLog = 0;
		};
/* End PBXShellScriptBuildPhase section */

/* Begin PBXSourcesBuildPhase section */
		8C7A6F72181D3C620092336B /* Sources */ = {
			isa = PBXSourcesBuildPhase;
			buildActionMask = 2147483647;
			files = (
				8C469FA2182C638D00A8BC1B /* SubviewPKRevealViewController.m in Sources */,
				8C469FA5182D232900A8BC1B /* SalmosHelper.m in Sources */,
				8C1AC6001823F11B00D2E500 /* DisplaySalmoViewController.m in Sources */,
				8CE9CC27182952C900D33535 /* TermsOfUseViewController.m in Sources */,
				8C1AC5EC1823D93A00D2E500 /* Versiculo.m in Sources */,
				8C469F9C182BEDE000A8BC1B /* StyleHelper.m in Sources */,
				8C1AC5E91823D90900D2E500 /* Salmo.m in Sources */,
				8C1AC5FA1823DCE800D2E500 /* ListaVersiculosTableViewController.m in Sources */,
				8CAE29EE1835A91800F4AD29 /* UINavigationController+Orientation.m in Sources */,
				8C1AC603182686D600D2E500 /* SalmosAppDelegate.m in Sources */,
				8CE9CC1B182946E500D33535 /* menuCell.m in Sources */,
				8CE9CC241829518800D33535 /* Menu+Parse.m in Sources */,
				8C1AC5F21823D9DC00D2E500 /* Salmo+Parse.m in Sources */,
				8C1AC5E01822645500D2E500 /* SalmosViewController.m in Sources */,
				8CE9CC211829512500D33535 /* Menu.m in Sources */,
				8C1AC5F51823DA2200D2E500 /* Versiculo+Parse.m in Sources */,
				8C7A6F86181D3C620092336B /* main.m in Sources */,
				8C1AC5FD1823EF7800D2E500 /* ListaSalmosTableViewController.m in Sources */,
				8C1AC5E31823D81F00D2E500 /* MenuViewController.m in Sources */,
				8C1AC5E61823D87600D2E500 /* BannerHelper.m in Sources */,
			);
			runOnlyForDeploymentPostprocessing = 0;
		};
		8C7A6F93181D3C620092336B /* Sources */ = {
			isa = PBXSourcesBuildPhase;
			buildActionMask = 2147483647;
			files = (
				8C7A6FA5181D3C620092336B /* RfSalmosAppTests.m in Sources */,
			);
			runOnlyForDeploymentPostprocessing = 0;
		};
/* End PBXSourcesBuildPhase section */

/* Begin PBXTargetDependency section */
		8C7A6F9D181D3C620092336B /* PBXTargetDependency */ = {
			isa = PBXTargetDependency;
			target = 8C7A6F75181D3C620092336B /* RfSalmosApp */;
			targetProxy = 8C7A6F9C181D3C620092336B /* PBXContainerItemProxy */;
		};
/* End PBXTargetDependency section */

/* Begin PBXVariantGroup section */
		8C7A6F82181D3C620092336B /* InfoPlist.strings */ = {
			isa = PBXVariantGroup;
			children = (
				8C7A6F83181D3C620092336B /* en */,
			);
			name = InfoPlist.strings;
			sourceTree = "<group>";
		};
		8C7A6F8B181D3C620092336B /* Main.storyboard */ = {
			isa = PBXVariantGroup;
			children = (
				8C7A6F8C181D3C620092336B /* Base */,
			);
			name = Main.storyboard;
			sourceTree = "<group>";
		};
		8C7A6FA1181D3C620092336B /* InfoPlist.strings */ = {
			isa = PBXVariantGroup;
			children = (
				8C7A6FA2181D3C620092336B /* en */,
			);
			name = InfoPlist.strings;
			sourceTree = "<group>";
		};
/* End PBXVariantGroup section */

/* Begin XCBuildConfiguration section */
		8C7A6FA6181D3C620092336B /* Debug */ = {
			isa = XCBuildConfiguration;
			buildSettings = {
				ALWAYS_SEARCH_USER_PATHS = NO;
				ARCHS = "$(ARCHS_STANDARD_INCLUDING_64_BIT)";
				CLANG_CXX_LANGUAGE_STANDARD = "gnu++0x";
				CLANG_CXX_LIBRARY = "libc++";
				CLANG_ENABLE_MODULES = YES;
				CLANG_ENABLE_OBJC_ARC = YES;
				CLANG_WARN_BOOL_CONVERSION = YES;
				CLANG_WARN_CONSTANT_CONVERSION = YES;
				CLANG_WARN_DIRECT_OBJC_ISA_USAGE = YES_ERROR;
				CLANG_WARN_EMPTY_BODY = YES;
				CLANG_WARN_ENUM_CONVERSION = YES;
				CLANG_WARN_INT_CONVERSION = YES;
				CLANG_WARN_OBJC_ROOT_CLASS = YES_ERROR;
				CLANG_WARN__DUPLICATE_METHOD_MATCH = YES;
				"CODE_SIGN_IDENTITY[sdk=iphoneos*]" = "iPhone Developer";
				COPY_PHASE_STRIP = NO;
				GCC_C_LANGUAGE_STANDARD = gnu99;
				GCC_DYNAMIC_NO_PIC = NO;
				GCC_OPTIMIZATION_LEVEL = 0;
				GCC_PREPROCESSOR_DEFINITIONS = (
					"DEBUG=1",
					"$(inherited)",
				);
				GCC_SYMBOLS_PRIVATE_EXTERN = NO;
				GCC_WARN_64_TO_32_BIT_CONVERSION = YES;
				GCC_WARN_ABOUT_RETURN_TYPE = YES_ERROR;
				GCC_WARN_UNDECLARED_SELECTOR = YES;
				GCC_WARN_UNINITIALIZED_AUTOS = YES;
				GCC_WARN_UNUSED_FUNCTION = YES;
				GCC_WARN_UNUSED_VARIABLE = YES;
				IPHONEOS_DEPLOYMENT_TARGET = 7.0;
				ONLY_ACTIVE_ARCH = YES;
				SDKROOT = iphoneos;
			};
			name = Debug;
		};
		8C7A6FA7181D3C620092336B /* Release */ = {
			isa = XCBuildConfiguration;
			buildSettings = {
				ALWAYS_SEARCH_USER_PATHS = NO;
				ARCHS = "$(ARCHS_STANDARD_INCLUDING_64_BIT)";
				CLANG_CXX_LANGUAGE_STANDARD = "gnu++0x";
				CLANG_CXX_LIBRARY = "libc++";
				CLANG_ENABLE_MODULES = YES;
				CLANG_ENABLE_OBJC_ARC = YES;
				CLANG_WARN_BOOL_CONVERSION = YES;
				CLANG_WARN_CONSTANT_CONVERSION = YES;
				CLANG_WARN_DIRECT_OBJC_ISA_USAGE = YES_ERROR;
				CLANG_WARN_EMPTY_BODY = YES;
				CLANG_WARN_ENUM_CONVERSION = YES;
				CLANG_WARN_INT_CONVERSION = YES;
				CLANG_WARN_OBJC_ROOT_CLASS = YES_ERROR;
				CLANG_WARN__DUPLICATE_METHOD_MATCH = YES;
				"CODE_SIGN_IDENTITY[sdk=iphoneos*]" = "iPhone Developer";
				COPY_PHASE_STRIP = YES;
				ENABLE_NS_ASSERTIONS = NO;
				GCC_C_LANGUAGE_STANDARD = gnu99;
				GCC_WARN_64_TO_32_BIT_CONVERSION = YES;
				GCC_WARN_ABOUT_RETURN_TYPE = YES_ERROR;
				GCC_WARN_UNDECLARED_SELECTOR = YES;
				GCC_WARN_UNINITIALIZED_AUTOS = YES;
				GCC_WARN_UNUSED_FUNCTION = YES;
				GCC_WARN_UNUSED_VARIABLE = YES;
				IPHONEOS_DEPLOYMENT_TARGET = 7.0;
				SDKROOT = iphoneos;
				VALIDATE_PRODUCT = YES;
			};
			name = Release;
		};
		8C7A6FA9181D3C620092336B /* Debug */ = {
			isa = XCBuildConfiguration;
			baseConfigurationReference = C4D47E0F128649A18C4B2536 /* Pods.xcconfig */;
			buildSettings = {
				ASSETCATALOG_COMPILER_APPICON_NAME = AppIcon;
				ASSETCATALOG_COMPILER_LAUNCHIMAGE_NAME = LaunchImage;
				GCC_PRECOMPILE_PREFIX_HEADER = YES;
				GCC_PREFIX_HEADER = "RfSalmosApp/RfSalmosApp-Prefix.pch";
				INFOPLIST_FILE = "RfSalmosApp/RfSalmosApp-Info.plist";
				IPHONEOS_DEPLOYMENT_TARGET = 7.0;
				PRODUCT_NAME = "$(TARGET_NAME)";
				WRAPPER_EXTENSION = app;
			};
			name = Debug;
		};
		8C7A6FAA181D3C620092336B /* Release */ = {
			isa = XCBuildConfiguration;
			baseConfigurationReference = C4D47E0F128649A18C4B2536 /* Pods.xcconfig */;
			buildSettings = {
				ASSETCATALOG_COMPILER_APPICON_NAME = AppIcon;
				ASSETCATALOG_COMPILER_LAUNCHIMAGE_NAME = LaunchImage;
				GCC_PRECOMPILE_PREFIX_HEADER = YES;
				GCC_PREFIX_HEADER = "RfSalmosApp/RfSalmosApp-Prefix.pch";
				INFOPLIST_FILE = "RfSalmosApp/RfSalmosApp-Info.plist";
				IPHONEOS_DEPLOYMENT_TARGET = 7.0;
				PRODUCT_NAME = "$(TARGET_NAME)";
				WRAPPER_EXTENSION = app;
			};
			name = Release;
		};
		8C7A6FAC181D3C620092336B /* Debug */ = {
			isa = XCBuildConfiguration;
			buildSettings = {
				ARCHS = "$(ARCHS_STANDARD_INCLUDING_64_BIT)";
				BUNDLE_LOADER = "$(BUILT_PRODUCTS_DIR)/RfSalmosApp.app/RfSalmosApp";
				FRAMEWORK_SEARCH_PATHS = (
					"$(SDKROOT)/Developer/Library/Frameworks",
					"$(inherited)",
					"$(DEVELOPER_FRAMEWORKS_DIR)",
				);
				GCC_PRECOMPILE_PREFIX_HEADER = YES;
				GCC_PREFIX_HEADER = "RfSalmosApp/RfSalmosApp-Prefix.pch";
				GCC_PREPROCESSOR_DEFINITIONS = (
					"DEBUG=1",
					"$(inherited)",
				);
				INFOPLIST_FILE = "RfSalmosAppTests/RfSalmosAppTests-Info.plist";
				PRODUCT_NAME = "$(TARGET_NAME)";
				TEST_HOST = "$(BUNDLE_LOADER)";
				WRAPPER_EXTENSION = xctest;
			};
			name = Debug;
		};
		8C7A6FAD181D3C620092336B /* Release */ = {
			isa = XCBuildConfiguration;
			buildSettings = {
				ARCHS = "$(ARCHS_STANDARD_INCLUDING_64_BIT)";
				BUNDLE_LOADER = "$(BUILT_PRODUCTS_DIR)/RfSalmosApp.app/RfSalmosApp";
				FRAMEWORK_SEARCH_PATHS = (
					"$(SDKROOT)/Developer/Library/Frameworks",
					"$(inherited)",
					"$(DEVELOPER_FRAMEWORKS_DIR)",
				);
				GCC_PRECOMPILE_PREFIX_HEADER = YES;
				GCC_PREFIX_HEADER = "RfSalmosApp/RfSalmosApp-Prefix.pch";
				INFOPLIST_FILE = "RfSalmosAppTests/RfSalmosAppTests-Info.plist";
				PRODUCT_NAME = "$(TARGET_NAME)";
				TEST_HOST = "$(BUNDLE_LOADER)";
				WRAPPER_EXTENSION = xctest;
			};
			name = Release;
		};
/* End XCBuildConfiguration section */

/* Begin XCConfigurationList section */
		8C7A6F71181D3C620092336B /* Build configuration list for PBXProject "RfSalmosApp" */ = {
			isa = XCConfigurationList;
			buildConfigurations = (
				8C7A6FA6181D3C620092336B /* Debug */,
				8C7A6FA7181D3C620092336B /* Release */,
			);
			defaultConfigurationIsVisible = 0;
			defaultConfigurationName = Release;
		};
		8C7A6FA8181D3C620092336B /* Build configuration list for PBXNativeTarget "RfSalmosApp" */ = {
			isa = XCConfigurationList;
			buildConfigurations = (
				8C7A6FA9181D3C620092336B /* Debug */,
				8C7A6FAA181D3C620092336B /* Release */,
			);
			defaultConfigurationIsVisible = 0;
			defaultConfigurationName = Release;
		};
		8C7A6FAB181D3C620092336B /* Build configuration list for PBXNativeTarget "RfSalmosAppTests" */ = {
			isa = XCConfigurationList;
			buildConfigurations = (
				8C7A6FAC181D3C620092336B /* Debug */,
				8C7A6FAD181D3C620092336B /* Release */,
			);
			defaultConfigurationIsVisible = 0;
			defaultConfigurationName = Release;
		};
/* End XCConfigurationList section */
	};
	rootObject = 8C7A6F6E181D3C620092336B /* Project object */;
}
